<?xml version="1.0" encoding="utf-8"?>
<Project ToolsVersion="4.0" xmlns="http://schemas.microsoft.com/developer/msbuild/2003">
  <ItemGroup>
    <Filter Include="Source Files">
      <UniqueIdentifier>{4FC737F1-C7A5-4376-A066-2A32D752A2FF}</UniqueIdentifier>
      <Extensions>cpp;c;cc;cxx;c++;cppm;ixx;def;odl;idl;hpj;bat;asm;asmx</Extensions>
    </Filter>
    <Filter Include="Header Files">
      <UniqueIdentifier>{93995380-89BD-4b04-88EB-625FBE52EBFB}</UniqueIdentifier>
      <Extensions>h;hh;hpp;hxx;h++;hm;inl;inc;ipp;xsd</Extensions>
    </Filter>
    <Filter Include="Resource Files">
      <UniqueIdentifier>{67DA6AB6-F800-4c08-8B7A-83BB121AAD01}</UniqueIdentifier>
      <Extensions>rc;ico;cur;bmp;dlg;rc2;rct;bin;rgs;gif;jpg;jpeg;jpe;resx;tiff;tif;png;wav;mfcribbon-ms</Extensions>
    </Filter>
  </ItemGroup>
  <ItemGroup>
    <ClCompile Include="..\..\pbkdf2.c">
      <Filter>Source Files</Filter>
    </ClCompile>
    <ClCompile Include="..\..\rand.c">
      <Filter>Source Files</Filter>
    </ClCompile>
    <ClCompile Include="..\..\ripemd160.c">
      <Filter>Source Files</Filter>
    </ClCompile>
    <ClCompile Include="..\..\secp256k1.c">
      <Filter>Source Files</Filter>
    </ClCompile>
    <ClCompile Include="..\..\sha2.c">
      <Filter>Source Files</Filter>
    </ClCompile>
    <ClCompile Include="..\..\sha256.c">
      <Filter>Source Files</Filter>
    </ClCompile>
    <ClCompile Include="..\..\base32_bch.c">
      <Filter>Source Files</Filter>
    </ClCompile>
    <ClCompile Include="..\..\base58.c">
      <Filter>Source Files</Filter>
    </ClCompile>
    <ClCompile Include="..\..\bch.c">
      <Filter>Source Files</Filter>
    </ClCompile>
    <ClCompile Include="..\..\bignum.c">
      <Filter>Source Files</Filter>
    </ClCompile>
    <ClCompile Include="..\..\bignum256.c">
      <Filter>Source Files</Filter>
    </ClCompile>
    <ClCompile Include="..\..\bip32.c">
      <Filter>Source Files</Filter>
    </ClCompile>
    <ClCompile Include="..\..\bip39.c">
      <Filter>Source Files</Filter>
    </ClCompile>
    <ClCompile Include="..\..\bitcoinkeys.c">
      <Filter>Source Files</Filter>
    </ClCompile>
    <ClCompile Include="..\..\ecdsa.c">
      <Filter>Source Files</Filter>
    </ClCompile>
    <ClCompile Include="..\..\ecdsa1.c">
      <Filter>Source Files</Filter>
    </ClCompile>
    <ClCompile Include="..\..\endian.c">
      <Filter>Source Files</Filter>
    </ClCompile>
    <ClCompile Include="..\..\eoskeys.c">
      <Filter>Source Files</Filter>
    </ClCompile>
    <ClCompile Include="..\..\eth.c">
      <Filter>Source Files</Filter>
    </ClCompile>
    <ClCompile Include="..\..\etherkeys.c">
      <Filter>Source Files</Filter>
    </ClCompile>
    <ClCompile Include="..\..\hash.c">
      <Filter>Source Files</Filter>
    </ClCompile>
    <ClCompile Include="..\..\hmac.c">
      <Filter>Source Files</Filter>
    </ClCompile>
    <ClCompile Include="..\..\hmac_drbg.c">
      <Filter>Source Files</Filter>
    </ClCompile>
    <ClCompile Include="..\..\hmac_sha512.c">
      <Filter>Source Files</Filter>
    </ClCompile>
    <ClCompile Include="..\..\keccak.c">
      <Filter>Source Files</Filter>
    </ClCompile>
    <ClCompile Include="..\..\main.c">
      <Filter>Source Files</Filter>
    </ClCompile>
  </ItemGroup>
</Project>